
Microsoft Visual Studio Solution File, Format Version 12.00
# Visual Studio Version 16
VisualStudioVersion = 16.0.29728.190
MinimumVisualStudioVersion = 10.0.40219.1
Project("{2150E333-8FDC-42A3-9474-1A3956D46DE8}") = "Application", "Application", "{5E79D870-AD74-4363-B7E7-3FBF27426330}"
EndProject
Project("{2150E333-8FDC-42A3-9474-1A3956D46DE8}") = "Libraries", "Libraries", "{A766BB6A-8A96-4C08-90A2-BC1412C498EC}"
EndProject
Project("{9A19103F-16F7-4668-BE54-9A1E7A4F7556}") = "Console.APITester", "Application\Console.APITester\Console.APITester.csproj", "{6515CC0B-8EA2-4A89-A74B-FF32B9614B4F}"
EndProject
Project("{2150E333-8FDC-42A3-9474-1A3956D46DE8}") = "Helpers", "Helpers", "{19A631EC-F199-40B6-9E97-C9BEE94BE64C}"
EndProject
Project("{9A19103F-16F7-4668-BE54-9A1E7A4F7556}") = "MRI.Helpers", "Libraries\Helpers\MRI.Helpers\MRI.Helpers.csproj", "{7CFE5CE2-721E-4A62-BC5C-6F5D84B42933}"
EndProject
Project("{9A19103F-16F7-4668-BE54-9A1E7A4F7556}") = "MRI.MVVM.Helpers", "Libraries\Helpers\MRI.MVVM.Helpers\MRI.MVVM.Helpers.csproj", "{64BC653B-4B39-4DAC-A6C6-9470FA44DDF1}"
EndProject
Project("{2150E333-8FDC-42A3-9474-1A3956D46DE8}") = "Interfaces", "Interfaces", "{84578036-176B-4FC4-8AE8-00477011D586}"
EndProject
Project("{9A19103F-16F7-4668-BE54-9A1E7A4F7556}") = "Db.Interfaces", "Interfaces\Db.Interfaces\Db.Interfaces.csproj", "{10EDA4C5-F9DD-4719-B7DF-6C7C097272AD}"
EndProject
Project("{9A19103F-16F7-4668-BE54-9A1E7A4F7556}") = "MRI.MVVM.Interfaces", "Interfaces\MRI.MVVM.Interfaces\MRI.MVVM.Interfaces.csproj", "{570A04DC-4538-42FF-9D9E-A3002E45AC9E}"
EndProject
Project("{2150E333-8FDC-42A3-9474-1A3956D46DE8}") = "Db", "Db", "{1A528DA7-20F7-4045-AB75-33F949A91112}"
EndProject
Project("{9A19103F-16F7-4668-BE54-9A1E7A4F7556}") = "Db.API", "Libraries\Db\Db.API\Db.API.csproj", "{87BCA687-C8D2-45FA-883B-348FC3378A7C}"
EndProject
Project("{9A19103F-16F7-4668-BE54-9A1E7A4F7556}") = "Db.Core", "Libraries\Db\Db.Core\Db.Core.csproj", "{424DEC07-0785-4E6F-B669-F3C8F98FB856}"
EndProject
Project("{9A19103F-16F7-4668-BE54-9A1E7A4F7556}") = "Db.Infrastructure", "Libraries\Db\Db.Infrastructure\Db.Infrastructure.csproj", "{2605EFED-B925-4BC2-9227-E268245F4664}"
EndProject
Project("{2150E333-8FDC-42A3-9474-1A3956D46DE8}") = "Components", "Components", "{09A0E87B-A9A3-402E-ABF3-907AAF3D9AF0}"
EndProject
Project("{9A19103F-16F7-4668-BE54-9A1E7A4F7556}") = "Components.Queries", "Interfaces\Components\Components.Queries\Components.Queries.csproj", "{7E12C43F-262B-46FA-8187-6867DE8F8223}"
EndProject
Project("{2150E333-8FDC-42A3-9474-1A3956D46DE8}") = "Components", "Components", "{6CCCFE74-4126-409A-B3E0-D5B933DA8B90}"
EndProject
Project("{9A19103F-16F7-4668-BE54-9A1E7A4F7556}") = "MRI.MVVM.Web.Helpers", "Libraries\Helpers\MRI.MVVM.Web.Helpers\MRI.MVVM.Web.Helpers.csproj", "{5A1BF903-9D67-49B9-AFEA-498686D43DFA}"
EndProject
Project("{2150E333-8FDC-42A3-9474-1A3956D46DE8}") = "ViewModels", "ViewModels", "{05A93E85-50AE-4004-BA30-90EA900215CA}"
EndProject
Project("{9A19103F-16F7-4668-BE54-9A1E7A4F7556}") = "ViewModels.Queries", "Libraries\ViewModels\ViewModels.Queries\ViewModels.Queries.csproj", "{3803A9D3-E624-4B06-B6FA-D9CBD08F4531}"
EndProject
Project("{2150E333-8FDC-42A3-9474-1A3956D46DE8}") = "Models", "Models", "{C54A3983-3803-4678-BAFF-D72B9F90D43E}"
EndProject
Project("{2150E333-8FDC-42A3-9474-1A3956D46DE8}") = "ViewModels", "ViewModels", "{D4871559-ECFF-41A0-9FE2-93AFBD7CFC5D}"
EndProject
Project("{9A19103F-16F7-4668-BE54-9A1E7A4F7556}") = "ViewModels.Interfaces.Queries", "Interfaces\ViewModels\ViewModels.Interfaces.Queries\ViewModels.Interfaces.Queries.csproj", "{CB5BF123-1C00-4C66-8EFF-10E186247F3F}"
EndProject
Project("{2150E333-8FDC-42A3-9474-1A3956D46DE8}") = "Models", "Models", "{89C5DE3E-D338-4C9B-B59F-0DE6FDF77EB3}"
EndProject
Project("{9A19103F-16F7-4668-BE54-9A1E7A4F7556}") = "Models.Interfaces.Entities", "Interfaces\Models\Models.Interfaces.Entities\Models.Interfaces.Entities.csproj", "{1CA306F3-D666-46F6-B2CC-075A8688B70F}"
EndProject
Project("{9A19103F-16F7-4668-BE54-9A1E7A4F7556}") = "Models.Entities", "Libraries\Models\Models.Entities\Models.Entities.csproj", "{D5E4EC78-6C18-427F-85B5-B7FB951A285A}"
EndProject
Project("{2150E333-8FDC-42A3-9474-1A3956D46DE8}") = "BOM", "BOM", "{EF45BCFF-6D7A-4627-9853-51B44FBCB166}"
EndProject
Project("{9A19103F-16F7-4668-BE54-9A1E7A4F7556}") = "Models.BOM", "Libraries\Models\Models.BOM\Models.BOM.csproj", "{66048149-8B8F-49E8-B5C3-666FAB1C262B}"
EndProject
Project("{9A19103F-16F7-4668-BE54-9A1E7A4F7556}") = "BOM.Infrastructure", "Libraries\BOM\BOM.Infrastructure\BOM.Infrastructure.csproj", "{92A37F3A-9E3F-46EB-AFB8-26AF17FB4CFD}"
EndProject
Project("{9A19103F-16F7-4668-BE54-9A1E7A4F7556}") = "ViewModels.Auth", "Libraries\ViewModels\ViewModels.Auth\ViewModels.Auth.csproj", "{8DBA0670-1FBD-4BA5-9FBC-9CB05D13DB75}"
EndProject
Project("{9A19103F-16F7-4668-BE54-9A1E7A4F7556}") = "ViewModels.Interfaces.Auth", "Interfaces\ViewModels\ViewModels.Interfaces.Auth\ViewModels.Interfaces.Auth.csproj", "{E21BA997-3D95-4B38-B281-1AAE56437423}"
EndProject
Project("{2150E333-8FDC-42A3-9474-1A3956D46DE8}") = "Validators", "Validators", "{A53584D5-3FF0-4B62-A2DC-EA604CAF32BA}"
EndProject
Project("{9A19103F-16F7-4668-BE54-9A1E7A4F7556}") = "Validators.Auth", "Libraries\Validators\Validators.Auth\Validators.Auth.csproj", "{EDC419CF-D946-4342-A112-5DEDF4567871}"
EndProject
Project("{2150E333-8FDC-42A3-9474-1A3956D46DE8}") = "States", "States", "{FCAB7FBD-E6BC-444B-81CE-AB13A067E851}"
EndProject
Project("{9A19103F-16F7-4668-BE54-9A1E7A4F7556}") = "States.General", "Libraries\States\States.General\States.General.csproj", "{826BCB8F-AC17-4345-99CB-CFA9D0A42DA6}"
EndProject
Project("{9A19103F-16F7-4668-BE54-9A1E7A4F7556}") = "Models.REST.Auth", "Libraries\Models\Models.REST.Auth\Models.REST.Auth.csproj", "{BC6AFC07-5A06-4E17-926F-61A534C1082C}"
EndProject
Project("{9A19103F-16F7-4668-BE54-9A1E7A4F7556}") = "Components.Auth.Web.Radzen", "Libraries\Components\Components.Auth.Web.Radzen\Components.Auth.Web.Radzen.csproj", "{304708D0-E29A-4FA4-93BB-971CDE2E762C}"
EndProject
Project("{9A19103F-16F7-4668-BE54-9A1E7A4F7556}") = "Components.Queries.Web.Radzen", "Libraries\Components\Components.Queries.Web.Radzen\Components.Queries.Web.Radzen.csproj", "{2B1E39CB-CD25-45AD-966E-80B40AAA4A8B}"
EndProject
Project("{9A19103F-16F7-4668-BE54-9A1E7A4F7556}") = "Dealer.Client", "Application\Dealer.Client\Dealer.Client.csproj", "{4D90F7BF-3DBF-479F-A1BC-E2CAC64DDD07}"
EndProject
Project("{9A19103F-16F7-4668-BE54-9A1E7A4F7556}") = "MRI.MVVM.WPF.Helpers", "Libraries\Helpers\MRI.MVVM.WPF.Helpers\MRI.MVVM.WPF.Helpers.csproj", "{F535A753-12B4-410A-98B4-C7BD82F755A1}"
EndProject
Project("{9A19103F-16F7-4668-BE54-9A1E7A4F7556}") = "Components.Auth.WPF", "Libraries\Components\Components.Auth.WPF\Components.Auth.WPF.csproj", "{DA818583-A657-466E-B668-EE6529BFEDE7}"
EndProject
Project("{9A19103F-16F7-4668-BE54-9A1E7A4F7556}") = "Components.Auth", "Interfaces\Components\Components.Auth\Components.Auth.csproj", "{BA5DE810-571B-4F75-A024-96AB36007BAB}"
EndProject
Project("{9A19103F-16F7-4668-BE54-9A1E7A4F7556}") = "Components.Layout.Web.Radzen", "Libraries\Components\Components.Layout.Web.Radzen\Components.Layout.Web.Radzen.csproj", "{B745D053-940C-4D64-8D6F-E151FA544610}"
EndProject
Project("{2150E333-8FDC-42A3-9474-1A3956D46DE8}") = "Radzen", "Radzen", "{DDB17281-F619-4565-A520-1C8E18A87144}"
EndProject
Project("{2150E333-8FDC-42A3-9474-1A3956D46DE8}") = "Ant", "Ant", "{730F11B2-7D5F-4EB5-8CFF-F478C18157C7}"
EndProject
Project("{9A19103F-16F7-4668-BE54-9A1E7A4F7556}") = "Components.Layout.Web.Ant", "Libraries\Components\Components.Layout.Web.Ant\Components.Layout.Web.Ant.csproj", "{BFF2F186-2C7B-4747-8029-1FA19DE0B4C9}"
EndProject
Project("{9A19103F-16F7-4668-BE54-9A1E7A4F7556}") = "Components.Auth.Web.Ant", "Libraries\Components\Components.Auth.Web.Ant\Components.Auth.Web.Ant.csproj", "{ECFAC4C6-C76F-4F14-98D8-C00800C0761D}"
EndProject
Project("{9A19103F-16F7-4668-BE54-9A1E7A4F7556}") = "Components.Queries.Web.Ant", "Libraries\Components\Components.Queries.Web.Ant\Components.Queries.Web.Ant.csproj", "{30DBAB3B-02CD-48F6-9975-98F66F666D32}"
EndProject
Project("{9A19103F-16F7-4668-BE54-9A1E7A4F7556}") = "MRI.Client", "Application\MRI.Client\MRI.Client.csproj", "{8E85297A-DC72-474C-B996-4AE97AC2025C}"
EndProject
Project("{2150E333-8FDC-42A3-9474-1A3956D46DE8}") = "Mud", "Mud", "{FBC0EF88-CEF3-4E17-AAB0-02394A33C026}"
EndProject
Project("{FAE04EC0-301F-11D3-BF4B-00C04F79EFBC}") = "Components.Layout.Web.Mud", "Libraries\Components\Components.Layout.Web.Mud\Components.Layout.Web.Mud.csproj", "{047B38A3-DF42-49CC-BC75-54BEFAC941AB}"
EndProject
Project("{FAE04EC0-301F-11D3-BF4B-00C04F79EFBC}") = "Components.Queries.Web.Mud", "Libraries\Components\Components.Queries.Web.Mud\Components.Queries.Web.Mud.csproj", "{93C2B364-C020-43B4-8240-C1AF0CC8D8BE}"
EndProject
Project("{FAE04EC0-301F-11D3-BF4B-00C04F79EFBC}") = "Components.Auth.Web.Mud", "Libraries\Components\Components.Auth.Web.Mud\Components.Auth.Web.Mud.csproj", "{B162ABA4-90EB-4855-AFB0-56FB75BD6A34}"
EndProject
Project("{2150E333-8FDC-42A3-9474-1A3956D46DE8}") = "Web", "Web", "{3278EA16-74E9-4482-AE36-5458F3BBAEC9}"
EndProject
Project("{2150E333-8FDC-42A3-9474-1A3956D46DE8}") = "WPF", "WPF", "{E998154A-B54C-44F6-8701-EE1EC66234B0}"
EndProject
Project("{FAE04EC0-301F-11D3-BF4B-00C04F79EFBC}") = "Email.Interfaces", "Interfaces\Email.Interfaces\Email.Interfaces.csproj", "{7069BCB1-2C7F-498A-9434-D40E7688B31B}"
EndProject
Project("{2150E333-8FDC-42A3-9474-1A3956D46DE8}") = "API", "API", "{C674D5ED-F233-4748-8055-3FCAA09C0004}"
EndProject
Project("{FAE04EC0-301F-11D3-BF4B-00C04F79EFBC}") = "MRI.Auth", "API\MRI.Auth\MRI.Auth.csproj", "{3696BC00-CF7D-4704-AD35-7E2F72B7BF76}"
EndProject
Project("{FAE04EC0-301F-11D3-BF4B-00C04F79EFBC}") = "MRI.Db", "API\MRI.Db\MRI.Db.csproj", "{2EAF892A-8948-4294-95E9-394CC84BD3DB}"
EndProject
Project("{FAE04EC0-301F-11D3-BF4B-00C04F79EFBC}") = "MRI.Email", "API\MRI.Email\MRI.Email.csproj", "{5AB9D18C-246F-4CF6-81D4-C7FADEC24DAB}"
EndProject
Global
	GlobalSection(SolutionConfigurationPlatforms) = preSolution
		Debug|Any CPU = Debug|Any CPU
		Release|Any CPU = Release|Any CPU
	EndGlobalSection
	GlobalSection(ProjectConfigurationPlatforms) = postSolution
		{6515CC0B-8EA2-4A89-A74B-FF32B9614B4F}.Debug|Any CPU.ActiveCfg = Debug|Any CPU
		{6515CC0B-8EA2-4A89-A74B-FF32B9614B4F}.Debug|Any CPU.Build.0 = Debug|Any CPU
		{6515CC0B-8EA2-4A89-A74B-FF32B9614B4F}.Release|Any CPU.ActiveCfg = Release|Any CPU
		{6515CC0B-8EA2-4A89-A74B-FF32B9614B4F}.Release|Any CPU.Build.0 = Release|Any CPU
		{7CFE5CE2-721E-4A62-BC5C-6F5D84B42933}.Debug|Any CPU.ActiveCfg = Debug|Any CPU
		{7CFE5CE2-721E-4A62-BC5C-6F5D84B42933}.Debug|Any CPU.Build.0 = Debug|Any CPU
		{7CFE5CE2-721E-4A62-BC5C-6F5D84B42933}.Release|Any CPU.ActiveCfg = Release|Any CPU
		{7CFE5CE2-721E-4A62-BC5C-6F5D84B42933}.Release|Any CPU.Build.0 = Release|Any CPU
		{64BC653B-4B39-4DAC-A6C6-9470FA44DDF1}.Debug|Any CPU.ActiveCfg = Debug|Any CPU
		{64BC653B-4B39-4DAC-A6C6-9470FA44DDF1}.Debug|Any CPU.Build.0 = Debug|Any CPU
		{64BC653B-4B39-4DAC-A6C6-9470FA44DDF1}.Release|Any CPU.ActiveCfg = Release|Any CPU
		{64BC653B-4B39-4DAC-A6C6-9470FA44DDF1}.Release|Any CPU.Build.0 = Release|Any CPU
		{10EDA4C5-F9DD-4719-B7DF-6C7C097272AD}.Debug|Any CPU.ActiveCfg = Debug|Any CPU
		{10EDA4C5-F9DD-4719-B7DF-6C7C097272AD}.Debug|Any CPU.Build.0 = Debug|Any CPU
		{10EDA4C5-F9DD-4719-B7DF-6C7C097272AD}.Release|Any CPU.ActiveCfg = Release|Any CPU
		{10EDA4C5-F9DD-4719-B7DF-6C7C097272AD}.Release|Any CPU.Build.0 = Release|Any CPU
		{570A04DC-4538-42FF-9D9E-A3002E45AC9E}.Debug|Any CPU.ActiveCfg = Debug|Any CPU
		{570A04DC-4538-42FF-9D9E-A3002E45AC9E}.Debug|Any CPU.Build.0 = Debug|Any CPU
		{570A04DC-4538-42FF-9D9E-A3002E45AC9E}.Release|Any CPU.ActiveCfg = Release|Any CPU
		{570A04DC-4538-42FF-9D9E-A3002E45AC9E}.Release|Any CPU.Build.0 = Release|Any CPU
		{87BCA687-C8D2-45FA-883B-348FC3378A7C}.Debug|Any CPU.ActiveCfg = Debug|Any CPU
		{87BCA687-C8D2-45FA-883B-348FC3378A7C}.Debug|Any CPU.Build.0 = Debug|Any CPU
		{87BCA687-C8D2-45FA-883B-348FC3378A7C}.Release|Any CPU.ActiveCfg = Release|Any CPU
		{87BCA687-C8D2-45FA-883B-348FC3378A7C}.Release|Any CPU.Build.0 = Release|Any CPU
		{424DEC07-0785-4E6F-B669-F3C8F98FB856}.Debug|Any CPU.ActiveCfg = Debug|Any CPU
		{424DEC07-0785-4E6F-B669-F3C8F98FB856}.Debug|Any CPU.Build.0 = Debug|Any CPU
		{424DEC07-0785-4E6F-B669-F3C8F98FB856}.Release|Any CPU.ActiveCfg = Release|Any CPU
		{424DEC07-0785-4E6F-B669-F3C8F98FB856}.Release|Any CPU.Build.0 = Release|Any CPU
		{2605EFED-B925-4BC2-9227-E268245F4664}.Debug|Any CPU.ActiveCfg = Debug|Any CPU
		{2605EFED-B925-4BC2-9227-E268245F4664}.Debug|Any CPU.Build.0 = Debug|Any CPU
		{2605EFED-B925-4BC2-9227-E268245F4664}.Release|Any CPU.ActiveCfg = Release|Any CPU
		{2605EFED-B925-4BC2-9227-E268245F4664}.Release|Any CPU.Build.0 = Release|Any CPU
		{7E12C43F-262B-46FA-8187-6867DE8F8223}.Debug|Any CPU.ActiveCfg = Debug|Any CPU
		{7E12C43F-262B-46FA-8187-6867DE8F8223}.Debug|Any CPU.Build.0 = Debug|Any CPU
		{7E12C43F-262B-46FA-8187-6867DE8F8223}.Release|Any CPU.ActiveCfg = Release|Any CPU
		{7E12C43F-262B-46FA-8187-6867DE8F8223}.Release|Any CPU.Build.0 = Release|Any CPU
		{5A1BF903-9D67-49B9-AFEA-498686D43DFA}.Debug|Any CPU.ActiveCfg = Debug|Any CPU
		{5A1BF903-9D67-49B9-AFEA-498686D43DFA}.Debug|Any CPU.Build.0 = Debug|Any CPU
		{5A1BF903-9D67-49B9-AFEA-498686D43DFA}.Release|Any CPU.ActiveCfg = Release|Any CPU
		{5A1BF903-9D67-49B9-AFEA-498686D43DFA}.Release|Any CPU.Build.0 = Release|Any CPU
		{3803A9D3-E624-4B06-B6FA-D9CBD08F4531}.Debug|Any CPU.ActiveCfg = Debug|Any CPU
		{3803A9D3-E624-4B06-B6FA-D9CBD08F4531}.Debug|Any CPU.Build.0 = Debug|Any CPU
		{3803A9D3-E624-4B06-B6FA-D9CBD08F4531}.Release|Any CPU.ActiveCfg = Release|Any CPU
		{3803A9D3-E624-4B06-B6FA-D9CBD08F4531}.Release|Any CPU.Build.0 = Release|Any CPU
		{CB5BF123-1C00-4C66-8EFF-10E186247F3F}.Debug|Any CPU.ActiveCfg = Debug|Any CPU
		{CB5BF123-1C00-4C66-8EFF-10E186247F3F}.Debug|Any CPU.Build.0 = Debug|Any CPU
		{CB5BF123-1C00-4C66-8EFF-10E186247F3F}.Release|Any CPU.ActiveCfg = Release|Any CPU
		{CB5BF123-1C00-4C66-8EFF-10E186247F3F}.Release|Any CPU.Build.0 = Release|Any CPU
		{1CA306F3-D666-46F6-B2CC-075A8688B70F}.Debug|Any CPU.ActiveCfg = Debug|Any CPU
		{1CA306F3-D666-46F6-B2CC-075A8688B70F}.Debug|Any CPU.Build.0 = Debug|Any CPU
		{1CA306F3-D666-46F6-B2CC-075A8688B70F}.Release|Any CPU.ActiveCfg = Release|Any CPU
		{1CA306F3-D666-46F6-B2CC-075A8688B70F}.Release|Any CPU.Build.0 = Release|Any CPU
		{D5E4EC78-6C18-427F-85B5-B7FB951A285A}.Debug|Any CPU.ActiveCfg = Debug|Any CPU
		{D5E4EC78-6C18-427F-85B5-B7FB951A285A}.Debug|Any CPU.Build.0 = Debug|Any CPU
		{D5E4EC78-6C18-427F-85B5-B7FB951A285A}.Release|Any CPU.ActiveCfg = Release|Any CPU
		{D5E4EC78-6C18-427F-85B5-B7FB951A285A}.Release|Any CPU.Build.0 = Release|Any CPU
		{66048149-8B8F-49E8-B5C3-666FAB1C262B}.Debug|Any CPU.ActiveCfg = Debug|Any CPU
		{66048149-8B8F-49E8-B5C3-666FAB1C262B}.Debug|Any CPU.Build.0 = Debug|Any CPU
		{66048149-8B8F-49E8-B5C3-666FAB1C262B}.Release|Any CPU.ActiveCfg = Release|Any CPU
		{66048149-8B8F-49E8-B5C3-666FAB1C262B}.Release|Any CPU.Build.0 = Release|Any CPU
		{92A37F3A-9E3F-46EB-AFB8-26AF17FB4CFD}.Debug|Any CPU.ActiveCfg = Debug|Any CPU
		{92A37F3A-9E3F-46EB-AFB8-26AF17FB4CFD}.Debug|Any CPU.Build.0 = Debug|Any CPU
		{92A37F3A-9E3F-46EB-AFB8-26AF17FB4CFD}.Release|Any CPU.ActiveCfg = Release|Any CPU
		{92A37F3A-9E3F-46EB-AFB8-26AF17FB4CFD}.Release|Any CPU.Build.0 = Release|Any CPU
		{8DBA0670-1FBD-4BA5-9FBC-9CB05D13DB75}.Debug|Any CPU.ActiveCfg = Debug|Any CPU
		{8DBA0670-1FBD-4BA5-9FBC-9CB05D13DB75}.Debug|Any CPU.Build.0 = Debug|Any CPU
		{8DBA0670-1FBD-4BA5-9FBC-9CB05D13DB75}.Release|Any CPU.ActiveCfg = Release|Any CPU
		{8DBA0670-1FBD-4BA5-9FBC-9CB05D13DB75}.Release|Any CPU.Build.0 = Release|Any CPU
		{E21BA997-3D95-4B38-B281-1AAE56437423}.Debug|Any CPU.ActiveCfg = Debug|Any CPU
		{E21BA997-3D95-4B38-B281-1AAE56437423}.Debug|Any CPU.Build.0 = Debug|Any CPU
		{E21BA997-3D95-4B38-B281-1AAE56437423}.Release|Any CPU.ActiveCfg = Release|Any CPU
		{E21BA997-3D95-4B38-B281-1AAE56437423}.Release|Any CPU.Build.0 = Release|Any CPU
		{EDC419CF-D946-4342-A112-5DEDF4567871}.Debug|Any CPU.ActiveCfg = Debug|Any CPU
		{EDC419CF-D946-4342-A112-5DEDF4567871}.Debug|Any CPU.Build.0 = Debug|Any CPU
		{EDC419CF-D946-4342-A112-5DEDF4567871}.Release|Any CPU.ActiveCfg = Release|Any CPU
		{EDC419CF-D946-4342-A112-5DEDF4567871}.Release|Any CPU.Build.0 = Release|Any CPU
		{826BCB8F-AC17-4345-99CB-CFA9D0A42DA6}.Debug|Any CPU.ActiveCfg = Debug|Any CPU
		{826BCB8F-AC17-4345-99CB-CFA9D0A42DA6}.Debug|Any CPU.Build.0 = Debug|Any CPU
		{826BCB8F-AC17-4345-99CB-CFA9D0A42DA6}.Release|Any CPU.ActiveCfg = Release|Any CPU
		{826BCB8F-AC17-4345-99CB-CFA9D0A42DA6}.Release|Any CPU.Build.0 = Release|Any CPU
		{BC6AFC07-5A06-4E17-926F-61A534C1082C}.Debug|Any CPU.ActiveCfg = Debug|Any CPU
		{BC6AFC07-5A06-4E17-926F-61A534C1082C}.Debug|Any CPU.Build.0 = Debug|Any CPU
		{BC6AFC07-5A06-4E17-926F-61A534C1082C}.Release|Any CPU.ActiveCfg = Release|Any CPU
		{BC6AFC07-5A06-4E17-926F-61A534C1082C}.Release|Any CPU.Build.0 = Release|Any CPU
		{304708D0-E29A-4FA4-93BB-971CDE2E762C}.Debug|Any CPU.ActiveCfg = Debug|Any CPU
		{304708D0-E29A-4FA4-93BB-971CDE2E762C}.Debug|Any CPU.Build.0 = Debug|Any CPU
		{304708D0-E29A-4FA4-93BB-971CDE2E762C}.Release|Any CPU.ActiveCfg = Release|Any CPU
		{304708D0-E29A-4FA4-93BB-971CDE2E762C}.Release|Any CPU.Build.0 = Release|Any CPU
		{2B1E39CB-CD25-45AD-966E-80B40AAA4A8B}.Debug|Any CPU.ActiveCfg = Debug|Any CPU
		{2B1E39CB-CD25-45AD-966E-80B40AAA4A8B}.Debug|Any CPU.Build.0 = Debug|Any CPU
		{2B1E39CB-CD25-45AD-966E-80B40AAA4A8B}.Release|Any CPU.ActiveCfg = Release|Any CPU
		{2B1E39CB-CD25-45AD-966E-80B40AAA4A8B}.Release|Any CPU.Build.0 = Release|Any CPU
		{4D90F7BF-3DBF-479F-A1BC-E2CAC64DDD07}.Debug|Any CPU.ActiveCfg = Debug|Any CPU
		{4D90F7BF-3DBF-479F-A1BC-E2CAC64DDD07}.Debug|Any CPU.Build.0 = Debug|Any CPU
		{4D90F7BF-3DBF-479F-A1BC-E2CAC64DDD07}.Release|Any CPU.ActiveCfg = Release|Any CPU
		{4D90F7BF-3DBF-479F-A1BC-E2CAC64DDD07}.Release|Any CPU.Build.0 = Release|Any CPU
		{F535A753-12B4-410A-98B4-C7BD82F755A1}.Debug|Any CPU.ActiveCfg = Debug|Any CPU
		{F535A753-12B4-410A-98B4-C7BD82F755A1}.Debug|Any CPU.Build.0 = Debug|Any CPU
		{F535A753-12B4-410A-98B4-C7BD82F755A1}.Release|Any CPU.ActiveCfg = Release|Any CPU
		{F535A753-12B4-410A-98B4-C7BD82F755A1}.Release|Any CPU.Build.0 = Release|Any CPU
		{DA818583-A657-466E-B668-EE6529BFEDE7}.Debug|Any CPU.ActiveCfg = Debug|Any CPU
		{DA818583-A657-466E-B668-EE6529BFEDE7}.Debug|Any CPU.Build.0 = Debug|Any CPU
		{DA818583-A657-466E-B668-EE6529BFEDE7}.Release|Any CPU.ActiveCfg = Release|Any CPU
		{DA818583-A657-466E-B668-EE6529BFEDE7}.Release|Any CPU.Build.0 = Release|Any CPU
		{BA5DE810-571B-4F75-A024-96AB36007BAB}.Debug|Any CPU.ActiveCfg = Debug|Any CPU
		{BA5DE810-571B-4F75-A024-96AB36007BAB}.Debug|Any CPU.Build.0 = Debug|Any CPU
		{BA5DE810-571B-4F75-A024-96AB36007BAB}.Release|Any CPU.ActiveCfg = Release|Any CPU
		{BA5DE810-571B-4F75-A024-96AB36007BAB}.Release|Any CPU.Build.0 = Release|Any CPU
		{B745D053-940C-4D64-8D6F-E151FA544610}.Debug|Any CPU.ActiveCfg = Debug|Any CPU
		{B745D053-940C-4D64-8D6F-E151FA544610}.Debug|Any CPU.Build.0 = Debug|Any CPU
		{B745D053-940C-4D64-8D6F-E151FA544610}.Release|Any CPU.ActiveCfg = Release|Any CPU
		{B745D053-940C-4D64-8D6F-E151FA544610}.Release|Any CPU.Build.0 = Release|Any CPU
		{BFF2F186-2C7B-4747-8029-1FA19DE0B4C9}.Debug|Any CPU.ActiveCfg = Debug|Any CPU
		{BFF2F186-2C7B-4747-8029-1FA19DE0B4C9}.Debug|Any CPU.Build.0 = Debug|Any CPU
		{BFF2F186-2C7B-4747-8029-1FA19DE0B4C9}.Release|Any CPU.ActiveCfg = Release|Any CPU
		{BFF2F186-2C7B-4747-8029-1FA19DE0B4C9}.Release|Any CPU.Build.0 = Release|Any CPU
		{ECFAC4C6-C76F-4F14-98D8-C00800C0761D}.Debug|Any CPU.ActiveCfg = Debug|Any CPU
		{ECFAC4C6-C76F-4F14-98D8-C00800C0761D}.Debug|Any CPU.Build.0 = Debug|Any CPU
		{ECFAC4C6-C76F-4F14-98D8-C00800C0761D}.Release|Any CPU.ActiveCfg = Release|Any CPU
		{ECFAC4C6-C76F-4F14-98D8-C00800C0761D}.Release|Any CPU.Build.0 = Release|Any CPU
		{30DBAB3B-02CD-48F6-9975-98F66F666D32}.Debug|Any CPU.ActiveCfg = Debug|Any CPU
		{30DBAB3B-02CD-48F6-9975-98F66F666D32}.Debug|Any CPU.Build.0 = Debug|Any CPU
		{30DBAB3B-02CD-48F6-9975-98F66F666D32}.Release|Any CPU.ActiveCfg = Release|Any CPU
		{30DBAB3B-02CD-48F6-9975-98F66F666D32}.Release|Any CPU.Build.0 = Release|Any CPU
		{8E85297A-DC72-474C-B996-4AE97AC2025C}.Debug|Any CPU.ActiveCfg = Debug|Any CPU
		{8E85297A-DC72-474C-B996-4AE97AC2025C}.Debug|Any CPU.Build.0 = Debug|Any CPU
		{8E85297A-DC72-474C-B996-4AE97AC2025C}.Release|Any CPU.ActiveCfg = Release|Any CPU
		{8E85297A-DC72-474C-B996-4AE97AC2025C}.Release|Any CPU.Build.0 = Release|Any CPU
		{047B38A3-DF42-49CC-BC75-54BEFAC941AB}.Debug|Any CPU.ActiveCfg = Debug|Any CPU
		{047B38A3-DF42-49CC-BC75-54BEFAC941AB}.Debug|Any CPU.Build.0 = Debug|Any CPU
		{047B38A3-DF42-49CC-BC75-54BEFAC941AB}.Release|Any CPU.ActiveCfg = Release|Any CPU
		{047B38A3-DF42-49CC-BC75-54BEFAC941AB}.Release|Any CPU.Build.0 = Release|Any CPU
		{93C2B364-C020-43B4-8240-C1AF0CC8D8BE}.Debug|Any CPU.ActiveCfg = Debug|Any CPU
		{93C2B364-C020-43B4-8240-C1AF0CC8D8BE}.Debug|Any CPU.Build.0 = Debug|Any CPU
		{93C2B364-C020-43B4-8240-C1AF0CC8D8BE}.Release|Any CPU.ActiveCfg = Release|Any CPU
		{93C2B364-C020-43B4-8240-C1AF0CC8D8BE}.Release|Any CPU.Build.0 = Release|Any CPU
		{B162ABA4-90EB-4855-AFB0-56FB75BD6A34}.Debug|Any CPU.ActiveCfg = Debug|Any CPU
		{B162ABA4-90EB-4855-AFB0-56FB75BD6A34}.Debug|Any CPU.Build.0 = Debug|Any CPU
		{B162ABA4-90EB-4855-AFB0-56FB75BD6A34}.Release|Any CPU.ActiveCfg = Release|Any CPU
		{B162ABA4-90EB-4855-AFB0-56FB75BD6A34}.Release|Any CPU.Build.0 = Release|Any CPU
		{7069BCB1-2C7F-498A-9434-D40E7688B31B}.Debug|Any CPU.ActiveCfg = Debug|Any CPU
		{7069BCB1-2C7F-498A-9434-D40E7688B31B}.Debug|Any CPU.Build.0 = Debug|Any CPU
		{7069BCB1-2C7F-498A-9434-D40E7688B31B}.Release|Any CPU.ActiveCfg = Release|Any CPU
		{7069BCB1-2C7F-498A-9434-D40E7688B31B}.Release|Any CPU.Build.0 = Release|Any CPU
		{3696BC00-CF7D-4704-AD35-7E2F72B7BF76}.Debug|Any CPU.ActiveCfg = Debug|Any CPU
		{3696BC00-CF7D-4704-AD35-7E2F72B7BF76}.Debug|Any CPU.Build.0 = Debug|Any CPU
		{3696BC00-CF7D-4704-AD35-7E2F72B7BF76}.Release|Any CPU.ActiveCfg = Release|Any CPU
		{3696BC00-CF7D-4704-AD35-7E2F72B7BF76}.Release|Any CPU.Build.0 = Release|Any CPU
		{2EAF892A-8948-4294-95E9-394CC84BD3DB}.Debug|Any CPU.ActiveCfg = Debug|Any CPU
		{2EAF892A-8948-4294-95E9-394CC84BD3DB}.Debug|Any CPU.Build.0 = Debug|Any CPU
		{2EAF892A-8948-4294-95E9-394CC84BD3DB}.Release|Any CPU.ActiveCfg = Release|Any CPU
		{2EAF892A-8948-4294-95E9-394CC84BD3DB}.Release|Any CPU.Build.0 = Release|Any CPU
		{5AB9D18C-246F-4CF6-81D4-C7FADEC24DAB}.Debug|Any CPU.ActiveCfg = Debug|Any CPU
		{5AB9D18C-246F-4CF6-81D4-C7FADEC24DAB}.Debug|Any CPU.Build.0 = Debug|Any CPU
		{5AB9D18C-246F-4CF6-81D4-C7FADEC24DAB}.Release|Any CPU.ActiveCfg = Release|Any CPU
		{5AB9D18C-246F-4CF6-81D4-C7FADEC24DAB}.Release|Any CPU.Build.0 = Release|Any CPU
	EndGlobalSection
	GlobalSection(SolutionProperties) = preSolution
		HideSolutionNode = FALSE
	EndGlobalSection
	GlobalSection(NestedProjects) = preSolution
		{6515CC0B-8EA2-4A89-A74B-FF32B9614B4F} = {5E79D870-AD74-4363-B7E7-3FBF27426330}
		{19A631EC-F199-40B6-9E97-C9BEE94BE64C} = {A766BB6A-8A96-4C08-90A2-BC1412C498EC}
		{7CFE5CE2-721E-4A62-BC5C-6F5D84B42933} = {19A631EC-F199-40B6-9E97-C9BEE94BE64C}
		{64BC653B-4B39-4DAC-A6C6-9470FA44DDF1} = {19A631EC-F199-40B6-9E97-C9BEE94BE64C}
		{10EDA4C5-F9DD-4719-B7DF-6C7C097272AD} = {84578036-176B-4FC4-8AE8-00477011D586}
		{570A04DC-4538-42FF-9D9E-A3002E45AC9E} = {84578036-176B-4FC4-8AE8-00477011D586}
		{1A528DA7-20F7-4045-AB75-33F949A91112} = {A766BB6A-8A96-4C08-90A2-BC1412C498EC}
		{87BCA687-C8D2-45FA-883B-348FC3378A7C} = {1A528DA7-20F7-4045-AB75-33F949A91112}
		{424DEC07-0785-4E6F-B669-F3C8F98FB856} = {1A528DA7-20F7-4045-AB75-33F949A91112}
		{2605EFED-B925-4BC2-9227-E268245F4664} = {1A528DA7-20F7-4045-AB75-33F949A91112}
		{09A0E87B-A9A3-402E-ABF3-907AAF3D9AF0} = {84578036-176B-4FC4-8AE8-00477011D586}
		{7E12C43F-262B-46FA-8187-6867DE8F8223} = {09A0E87B-A9A3-402E-ABF3-907AAF3D9AF0}
		{6CCCFE74-4126-409A-B3E0-D5B933DA8B90} = {A766BB6A-8A96-4C08-90A2-BC1412C498EC}
		{5A1BF903-9D67-49B9-AFEA-498686D43DFA} = {19A631EC-F199-40B6-9E97-C9BEE94BE64C}
		{05A93E85-50AE-4004-BA30-90EA900215CA} = {A766BB6A-8A96-4C08-90A2-BC1412C498EC}
		{3803A9D3-E624-4B06-B6FA-D9CBD08F4531} = {05A93E85-50AE-4004-BA30-90EA900215CA}
		{C54A3983-3803-4678-BAFF-D72B9F90D43E} = {A766BB6A-8A96-4C08-90A2-BC1412C498EC}
		{D4871559-ECFF-41A0-9FE2-93AFBD7CFC5D} = {84578036-176B-4FC4-8AE8-00477011D586}
		{CB5BF123-1C00-4C66-8EFF-10E186247F3F} = {D4871559-ECFF-41A0-9FE2-93AFBD7CFC5D}
		{89C5DE3E-D338-4C9B-B59F-0DE6FDF77EB3} = {84578036-176B-4FC4-8AE8-00477011D586}
		{1CA306F3-D666-46F6-B2CC-075A8688B70F} = {89C5DE3E-D338-4C9B-B59F-0DE6FDF77EB3}
		{D5E4EC78-6C18-427F-85B5-B7FB951A285A} = {C54A3983-3803-4678-BAFF-D72B9F90D43E}
		{EF45BCFF-6D7A-4627-9853-51B44FBCB166} = {A766BB6A-8A96-4C08-90A2-BC1412C498EC}
		{66048149-8B8F-49E8-B5C3-666FAB1C262B} = {C54A3983-3803-4678-BAFF-D72B9F90D43E}
		{92A37F3A-9E3F-46EB-AFB8-26AF17FB4CFD} = {EF45BCFF-6D7A-4627-9853-51B44FBCB166}
		{8DBA0670-1FBD-4BA5-9FBC-9CB05D13DB75} = {05A93E85-50AE-4004-BA30-90EA900215CA}
		{E21BA997-3D95-4B38-B281-1AAE56437423} = {D4871559-ECFF-41A0-9FE2-93AFBD7CFC5D}
		{A53584D5-3FF0-4B62-A2DC-EA604CAF32BA} = {A766BB6A-8A96-4C08-90A2-BC1412C498EC}
		{EDC419CF-D946-4342-A112-5DEDF4567871} = {A53584D5-3FF0-4B62-A2DC-EA604CAF32BA}
		{FCAB7FBD-E6BC-444B-81CE-AB13A067E851} = {A766BB6A-8A96-4C08-90A2-BC1412C498EC}
		{826BCB8F-AC17-4345-99CB-CFA9D0A42DA6} = {FCAB7FBD-E6BC-444B-81CE-AB13A067E851}
		{BC6AFC07-5A06-4E17-926F-61A534C1082C} = {C54A3983-3803-4678-BAFF-D72B9F90D43E}
		{304708D0-E29A-4FA4-93BB-971CDE2E762C} = {DDB17281-F619-4565-A520-1C8E18A87144}
		{2B1E39CB-CD25-45AD-966E-80B40AAA4A8B} = {DDB17281-F619-4565-A520-1C8E18A87144}
		{4D90F7BF-3DBF-479F-A1BC-E2CAC64DDD07} = {5E79D870-AD74-4363-B7E7-3FBF27426330}
		{F535A753-12B4-410A-98B4-C7BD82F755A1} = {19A631EC-F199-40B6-9E97-C9BEE94BE64C}
		{DA818583-A657-466E-B668-EE6529BFEDE7} = {E998154A-B54C-44F6-8701-EE1EC66234B0}
		{BA5DE810-571B-4F75-A024-96AB36007BAB} = {09A0E87B-A9A3-402E-ABF3-907AAF3D9AF0}
		{B745D053-940C-4D64-8D6F-E151FA544610} = {DDB17281-F619-4565-A520-1C8E18A87144}
		{DDB17281-F619-4565-A520-1C8E18A87144} = {3278EA16-74E9-4482-AE36-5458F3BBAEC9}
		{730F11B2-7D5F-4EB5-8CFF-F478C18157C7} = {3278EA16-74E9-4482-AE36-5458F3BBAEC9}
		{BFF2F186-2C7B-4747-8029-1FA19DE0B4C9} = {730F11B2-7D5F-4EB5-8CFF-F478C18157C7}
		{ECFAC4C6-C76F-4F14-98D8-C00800C0761D} = {730F11B2-7D5F-4EB5-8CFF-F478C18157C7}
		{30DBAB3B-02CD-48F6-9975-98F66F666D32} = {730F11B2-7D5F-4EB5-8CFF-F478C18157C7}
		{8E85297A-DC72-474C-B996-4AE97AC2025C} = {5E79D870-AD74-4363-B7E7-3FBF27426330}
		{FBC0EF88-CEF3-4E17-AAB0-02394A33C026} = {3278EA16-74E9-4482-AE36-5458F3BBAEC9}
		{047B38A3-DF42-49CC-BC75-54BEFAC941AB} = {FBC0EF88-CEF3-4E17-AAB0-02394A33C026}
		{93C2B364-C020-43B4-8240-C1AF0CC8D8BE} = {FBC0EF88-CEF3-4E17-AAB0-02394A33C026}
		{B162ABA4-90EB-4855-AFB0-56FB75BD6A34} = {FBC0EF88-CEF3-4E17-AAB0-02394A33C026}
		{3278EA16-74E9-4482-AE36-5458F3BBAEC9} = {6CCCFE74-4126-409A-B3E0-D5B933DA8B90}
		{E998154A-B54C-44F6-8701-EE1EC66234B0} = {6CCCFE74-4126-409A-B3E0-D5B933DA8B90}
		{7069BCB1-2C7F-498A-9434-D40E7688B31B} = {84578036-176B-4FC4-8AE8-00477011D586}
		{3696BC00-CF7D-4704-AD35-7E2F72B7BF76} = {C674D5ED-F233-4748-8055-3FCAA09C0004}
		{2EAF892A-8948-4294-95E9-394CC84BD3DB} = {C674D5ED-F233-4748-8055-3FCAA09C0004}
		{5AB9D18C-246F-4CF6-81D4-C7FADEC24DAB} = {C674D5ED-F233-4748-8055-3FCAA09C0004}
	EndGlobalSection
	GlobalSection(ExtensibilityGlobals) = postSolution
		SolutionGuid = {BB209151-52A5-4156-B92F-10FB84E38FDA}
	EndGlobalSection
EndGlobal
